<?xml version="1.0" encoding="utf-8"?>
<Project ToolsVersion="4.0" xmlns="http://schemas.microsoft.com/developer/msbuild/2003">
  <ItemGroup>
    <ClCompile Include="Game.cpp">
      <Filter>src</Filter>
    </ClCompile>
    <ClCompile Include="Log.cpp">
      <Filter>src</Filter>
    </ClCompile>
    <ClCompile Include="main.cpp">
      <Filter>src</Filter>
    </ClCompile>
    <ClCompile Include="SettingsModule.cpp">
      <Filter>src</Filter>
    </ClCompile>
    <ClCompile Include="MainMenu.cpp">
      <Filter>ui</Filter>
    </ClCompile>
    <ClCompile Include="SoundManager.cpp">
      <Filter>src</Filter>
    </ClCompile>
    <ClCompile Include="TimeManager.cpp">
      <Filter>src</Filter>
    </ClCompile>
    <ClCompile Include="TextModule.cpp">
      <Filter>ui</Filter>
    </ClCompile>
    <ClCompile Include="Button.cpp">
      <Filter>ui</Filter>
    </ClCompile>
    <ClCompile Include="MouseModule.cpp">
      <Filter>src</Filter>
    </ClCompile>
    <ClCompile Include="Bar.cpp">
      <Filter>ui</Filter>
    </ClCompile>
    <ClCompile Include="uiBar.cpp">
      <Filter>ui</Filter>
    </ClCompile>
    <ClCompile Include="uiSoundModule.cpp">
      <Filter>ui</Filter>
    </ClCompile>
    <ClCompile Include="FileLoader.cpp">
      <Filter>src</Filter>
    </ClCompile>
  </ItemGroup>
  <ItemGroup>
    <ClInclude Include="Game.h">
      <Filter>src</Filter>
    </ClInclude>
    <ClInclude Include="Log.h">
      <Filter>src</Filter>
    </ClInclude>
    <ClInclude Include="SettingsModule.h">
      <Filter>src</Filter>
    </ClInclude>
    <ClInclude Include="MainMenu.h">
      <Filter>ui</Filter>
    </ClInclude>
    <ClInclude Include="SoundManager.h">
      <Filter>src</Filter>
    </ClInclude>
    <ClInclude Include="TimeManager.h">
      <Filter>src</Filter>
    </ClInclude>
    <ClInclude Include="TextModule.h">
      <Filter>ui</Filter>
    </ClInclude>
    <ClInclude Include="Button.h">
      <Filter>ui</Filter>
    </ClInclude>
    <ClInclude Include="ResourceIdentifier.h">
      <Filter>resources</Filter>
    </ClInclude>
    <ClInclude Include="ResourceHolder.h">
      <Filter>resources</Filter>
    </ClInclude>
    <ClInclude Include="MouseModule.h">
      <Filter>src</Filter>
    </ClInclude>
    <ClInclude Include="Bar.h">
      <Filter>ui</Filter>
    </ClInclude>
    <ClInclude Include="uiBar.h">
      <Filter>ui</Filter>
    </ClInclude>
    <ClInclude Include="uiSoundModule.h">
      <Filter>ui</Filter>
    </ClInclude>
    <ClInclude Include="FileLoader.h">
      <Filter>src</Filter>
    </ClInclude>
  </ItemGroup>
  <ItemGroup>
    <Filter Include="src">
      <UniqueIdentifier>{1ecf2987-3623-4b4d-a28e-116a1e3a556c}</UniqueIdentifier>
    </Filter>
    <Filter Include="ui">
      <UniqueIdentifier>{5c0ebd10-c9cb-492d-9753-d98bef924e0c}</UniqueIdentifier>
    </Filter>
    <Filter Include="resources">
      <UniqueIdentifier>{34a9ce17-7a74-4116-807d-d49af7af81a8}</UniqueIdentifier>
    </Filter>
  </ItemGroup>
  <ItemGroup>
    <None Include="ResourceHolderInc.h">
      <Filter>resources</Filter>
    </None>
  </ItemGroup>
</Project>